// !$*UTF8*$!
{
	archiveVersion = 1;
	classes = {
	};
	objectVersion = 56;
	objects = {

/* Begin PBXBuildFile section */
		B704FA762AADEDA60046ADA6 /* AppDelegate.swift in Sources */ = {isa = PBXBuildFile; fileRef = B704FA752AADEDA60046ADA6 /* AppDelegate.swift */; };
		B704FA782AADEDA60046ADA6 /* SceneDelegate.swift in Sources */ = {isa = PBXBuildFile; fileRef = B704FA772AADEDA60046ADA6 /* SceneDelegate.swift */; };
		B704FA7A2AADEDA60046ADA6 /* ViewController.swift in Sources */ = {isa = PBXBuildFile; fileRef = B704FA792AADEDA60046ADA6 /* ViewController.swift */; };
		B704FA7D2AADEDA60046ADA6 /* Main.storyboard in Resources */ = {isa = PBXBuildFile; fileRef = B704FA7B2AADEDA60046ADA6 /* Main.storyboard */; };
		B704FA7F2AADEDA60046ADA6 /* Assets.xcassets in Resources */ = {isa = PBXBuildFile; fileRef = B704FA7E2AADEDA60046ADA6 /* Assets.xcassets */; };
		B704FA822AADEDA60046ADA6 /* LaunchScreen.storyboard in Resources */ = {isa = PBXBuildFile; fileRef = B704FA802AADEDA60046ADA6 /* LaunchScreen.storyboard */; };
		B7081C7E2AB7291F00EEB6B3 /* LoginViewController.swift in Sources */ = {isa = PBXBuildFile; fileRef = B7081C7D2AB7291F00EEB6B3 /* LoginViewController.swift */; };
		B7081C802AB7332600EEB6B3 /* MenuViewController.swift in Sources */ = {isa = PBXBuildFile; fileRef = B7081C7F2AB7332600EEB6B3 /* MenuViewController.swift */; };
		B7081C822AB7415E00EEB6B3 /* RegistroViewController.swift in Sources */ = {isa = PBXBuildFile; fileRef = B7081C812AB7415E00EEB6B3 /* RegistroViewController.swift */; };
		B70D47312AC06EB3003CEB62 /* NotaTableViewCell.swift in Sources */ = {isa = PBXBuildFile; fileRef = B70D47302AC06EB3003CEB62 /* NotaTableViewCell.swift */; };
		B70D47332AC0708C003CEB62 /* NotaViewController.swift in Sources */ = {isa = PBXBuildFile; fileRef = B70D47322AC0708C003CEB62 /* NotaViewController.swift */; };
		B70D47352AC0722C003CEB62 /* Nota.swift in Sources */ = {isa = PBXBuildFile; fileRef = B70D47342AC0722C003CEB62 /* Nota.swift */; };
		B70D473A2AC08272003CEB62 /* Contacto.swift in Sources */ = {isa = PBXBuildFile; fileRef = B70D47392AC08272003CEB62 /* Contacto.swift */; };
		B70D473C2AC082DD003CEB62 /* ContactoTableViewCell.swift in Sources */ = {isa = PBXBuildFile; fileRef = B70D473B2AC082DD003CEB62 /* ContactoTableViewCell.swift */; };
/* End PBXBuildFile section */

/* Begin PBXFileReference section */
		B704FA722AADEDA60046ADA6 /* JOAS_cibertec.app */ = {isa = PBXFileReference; explicitFileType = wrapper.application; includeInIndex = 0; path = JOAS_cibertec.app; sourceTree = BUILT_PRODUCTS_DIR; };
		B704FA752AADEDA60046ADA6 /* AppDelegate.swift */ = {isa = PBXFileReference; lastKnownFileType = sourcecode.swift; path = AppDelegate.swift; sourceTree = "<group>"; };
		B704FA772AADEDA60046ADA6 /* SceneDelegate.swift */ = {isa = PBXFileReference; lastKnownFileType = sourcecode.swift; path = SceneDelegate.swift; sourceTree = "<group>"; };
		B704FA792AADEDA60046ADA6 /* ViewController.swift */ = {isa = PBXFileReference; lastKnownFileType = sourcecode.swift; path = ViewController.swift; sourceTree = "<group>"; };
		B704FA7C2AADEDA60046ADA6 /* Base */ = {isa = PBXFileReference; lastKnownFileType = file.storyboard; name = Base; path = Base.lproj/Main.storyboard; sourceTree = "<group>"; };
		B704FA7E2AADEDA60046ADA6 /* Assets.xcassets */ = {isa = PBXFileReference; lastKnownFileType = folder.assetcatalog; path = Assets.xcassets; sourceTree = "<group>"; };
		B704FA812AADEDA60046ADA6 /* Base */ = {isa = PBXFileReference; lastKnownFileType = file.storyboard; name = Base; path = Base.lproj/LaunchScreen.storyboard; sourceTree = "<group>"; };
		B704FA832AADEDA60046ADA6 /* Info.plist */ = {isa = PBXFileReference; lastKnownFileType = text.plist.xml; path = Info.plist; sourceTree = "<group>"; };
		B7081C7D2AB7291F00EEB6B3 /* LoginViewController.swift */ = {isa = PBXFileReference; lastKnownFileType = sourcecode.swift; path = LoginViewController.swift; sourceTree = "<group>"; };
		B7081C7F2AB7332600EEB6B3 /* MenuViewController.swift */ = {isa = PBXFileReference; lastKnownFileType = sourcecode.swift; path = MenuViewController.swift; sourceTree = "<group>"; };
		B7081C812AB7415E00EEB6B3 /* RegistroViewController.swift */ = {isa = PBXFileReference; lastKnownFileType = sourcecode.swift; path = RegistroViewController.swift; sourceTree = "<group>"; };
		B70D47302AC06EB3003CEB62 /* NotaTableViewCell.swift */ = {isa = PBXFileReference; lastKnownFileType = sourcecode.swift; path = NotaTableViewCell.swift; sourceTree = "<group>"; };
		B70D47322AC0708C003CEB62 /* NotaViewController.swift */ = {isa = PBXFileReference; lastKnownFileType = sourcecode.swift; path = NotaViewController.swift; sourceTree = "<group>"; };
		B70D47342AC0722C003CEB62 /* Nota.swift */ = {isa = PBXFileReference; lastKnownFileType = sourcecode.swift; path = Nota.swift; sourceTree = "<group>"; };
		B70D47392AC08272003CEB62 /* Contacto.swift */ = {isa = PBXFileReference; lastKnownFileType = sourcecode.swift; path = Contacto.swift; sourceTree = "<group>"; };
		B70D473B2AC082DD003CEB62 /* ContactoTableViewCell.swift */ = {isa = PBXFileReference; lastKnownFileType = sourcecode.swift; path = ContactoTableViewCell.swift; sourceTree = "<group>"; };
/* End PBXFileReference section */

/* Begin PBXFrameworksBuildPhase section */
		B704FA6F2AADEDA50046ADA6 /* Frameworks */ = {
			isa = PBXFrameworksBuildPhase;
			buildActionMask = 2147483647;
			files = (
			);
			runOnlyForDeploymentPostprocessing = 0;
		};
/* End PBXFrameworksBuildPhase section */

/* Begin PBXGroup section */
		B704FA692AADEDA50046ADA6 = {
			isa = PBXGroup;
			children = (
				B704FA742AADEDA60046ADA6 /* JOAS_cibertec */,
				B704FA732AADEDA60046ADA6 /* Products */,
			);
			sourceTree = "<group>";
		};
		B704FA732AADEDA60046ADA6 /* Products */ = {
			isa = PBXGroup;
			children = (
				B704FA722AADEDA60046ADA6 /* JOAS_cibertec.app */,
			);
			name = Products;
			sourceTree = "<group>";
		};
		B704FA742AADEDA60046ADA6 /* JOAS_cibertec */ = {
			isa = PBXGroup;
			children = (
				B70D47362AC0822E003CEB62 /* contacto */,
				B70D472F2AC06E49003CEB62 /* notas */,
				B7081C7D2AB7291F00EEB6B3 /* LoginViewController.swift */,
				B704FA752AADEDA60046ADA6 /* AppDelegate.swift */,
				B704FA772AADEDA60046ADA6 /* SceneDelegate.swift */,
				B704FA792AADEDA60046ADA6 /* ViewController.swift */,
				B704FA7B2AADEDA60046ADA6 /* Main.storyboard */,
				B704FA7E2AADEDA60046ADA6 /* Assets.xcassets */,
				B704FA802AADEDA60046ADA6 /* LaunchScreen.storyboard */,
				B704FA832AADEDA60046ADA6 /* Info.plist */,
				B7081C7F2AB7332600EEB6B3 /* MenuViewController.swift */,
				B7081C812AB7415E00EEB6B3 /* RegistroViewController.swift */,
			);
			path = JOAS_cibertec;
			sourceTree = "<group>";
		};
		B70D472F2AC06E49003CEB62 /* notas */ = {
			isa = PBXGroup;
			children = (
				B70D47302AC06EB3003CEB62 /* NotaTableViewCell.swift */,
				B70D47322AC0708C003CEB62 /* NotaViewController.swift */,
				B70D47342AC0722C003CEB62 /* Nota.swift */,
			);
			path = notas;
			sourceTree = "<group>";
		};
		B70D47362AC0822E003CEB62 /* contacto */ = {
			isa = PBXGroup;
			children = (
				B70D47392AC08272003CEB62 /* Contacto.swift */,
				B70D473B2AC082DD003CEB62 /* ContactoTableViewCell.swift */,
			);
			path = contacto;
			sourceTree = "<group>";
		};
/* End PBXGroup section */

/* Begin PBXNativeTarget section */
		B704FA712AADEDA50046ADA6 /* JOAS_cibertec */ = {
			isa = PBXNativeTarget;
			buildConfigurationList = B704FA862AADEDA60046ADA6 /* Build configuration list for PBXNativeTarget "JOAS_cibertec" */;
			buildPhases = (
				B704FA6E2AADEDA50046ADA6 /* Sources */,
				B704FA6F2AADEDA50046ADA6 /* Frameworks */,
				B704FA702AADEDA50046ADA6 /* Resources */,
			);
			buildRules = (
			);
			dependencies = (
			);
			name = JOAS_cibertec;
			productName = JOAS_cibertec;
			productReference = B704FA722AADEDA60046ADA6 /* JOAS_cibertec.app */;
			productType = "com.apple.product-type.application";
		};
/* End PBXNativeTarget section */

/* Begin PBXProject section */
		B704FA6A2AADEDA50046ADA6 /* Project object */ = {
			isa = PBXProject;
			attributes = {
				BuildIndependentTargetsInParallel = 1;
				LastSwiftUpdateCheck = 1430;
				LastUpgradeCheck = 1430;
				TargetAttributes = {
					B704FA712AADEDA50046ADA6 = {
						CreatedOnToolsVersion = 14.3;
					};
				};
			};
			buildConfigurationList = B704FA6D2AADEDA50046ADA6 /* Build configuration list for PBXProject "JOAS_cibertec" */;
			compatibilityVersion = "Xcode 14.0";
			developmentRegion = en;
			hasScannedForEncodings = 0;
			knownRegions = (
				en,
				Base,
			);
			mainGroup = B704FA692AADEDA50046ADA6;
			productRefGroup = B704FA732AADEDA60046ADA6 /* Products */;
			projectDirPath = "";
			projectRoot = "";
			targets = (
				B704FA712AADEDA50046ADA6 /* JOAS_cibertec */,
			);
		};
/* End PBXProject section */

/* Begin PBXResourcesBuildPhase section */
		B704FA702AADEDA50046ADA6 /* Resources */ = {
			isa = PBXResourcesBuildPhase;
			buildActionMask = 2147483647;
			files = (
				B704FA822AADEDA60046ADA6 /* LaunchScreen.storyboard in Resources */,
				B704FA7F2AADEDA60046ADA6 /* Assets.xcassets in Resources */,
				B704FA7D2AADEDA60046ADA6 /* Main.storyboard in Resources */,
			);
			runOnlyForDeploymentPostprocessing = 0;
		};
/* End PBXResourcesBuildPhase section */

/* Begin PBXSourcesBuildPhase section */
		B704FA6E2AADEDA50046ADA6 /* Sources */ = {
			isa = PBXSourcesBuildPhase;
			buildActionMask = 2147483647;
			files = (
				B7081C7E2AB7291F00EEB6B3 /* LoginViewController.swift in Sources */,
				B7081C822AB7415E00EEB6B3 /* RegistroViewController.swift in Sources */,
				B7081C802AB7332600EEB6B3 /* MenuViewController.swift in Sources */,
				B70D47312AC06EB3003CEB62 /* NotaTableViewCell.swift in Sources */,
				B70D473A2AC08272003CEB62 /* Contacto.swift in Sources */,
				B70D47332AC0708C003CEB62 /* NotaViewController.swift in Sources */,
				B70D47352AC0722C003CEB62 /* Nota.swift in Sources */,
				B704FA7A2AADEDA60046ADA6 /* ViewController.swift in Sources */,
				B704FA762AADEDA60046ADA6 /* AppDelegate.swift in Sources */,
				B70D473C2AC082DD003CEB62 /* ContactoTableViewCell.swift in Sources */,
				B704FA782AADEDA60046ADA6 /* SceneDelegate.swift in Sources */,
			);
			runOnlyForDeploymentPostprocessing = 0;
		};
/* End PBXSourcesBuildPhase section */

/* Begin PBXVariantGroup section */
		B704FA7B2AADEDA60046ADA6 /* Main.storyboard */ = {
			isa = PBXVariantGroup;
			children = (
				B704FA7C2AADEDA60046ADA6 /* Base */,
			);
			name = Main.storyboard;
			sourceTree = "<group>";
		};
		B704FA802AADEDA60046ADA6 /* LaunchScreen.storyboard */ = {
			isa = PBXVariantGroup;
			children = (
				B704FA812AADEDA60046ADA6 /* Base */,
			);
			name = LaunchScreen.storyboard;
			sourceTree = "<group>";
		};
/* End PBXVariantGroup section */

/* Begin XCBuildConfiguration section */
		B704FA842AADEDA60046ADA6 /* Debug */ = {
			isa = XCBuildConfiguration;
			buildSettings = {
				ALWAYS_SEARCH_USER_PATHS = NO;
				CLANG_ANALYZER_NONNULL = YES;
				CLANG_ANALYZER_NUMBER_OBJECT_CONVERSION = YES_AGGRESSIVE;
				CLANG_CXX_LANGUAGE_STANDARD = "gnu++20";
				CLANG_ENABLE_MODULES = YES;
				CLANG_ENABLE_OBJC_ARC = YES;
				CLANG_ENABLE_OBJC_WEAK = YES;
				CLANG_WARN_BLOCK_CAPTURE_AUTORELEASING = YES;
				CLANG_WARN_BOOL_CONVERSION = YES;
				CLANG_WARN_COMMA = YES;
				CLANG_WARN_CONSTANT_CONVERSION = YES;
				CLANG_WARN_DEPRECATED_OBJC_IMPLEMENTATIONS = YES;
				CLANG_WARN_DIRECT_OBJC_ISA_USAGE = YES_ERROR;
				CLANG_WARN_DOCUMENTATION_COMMENTS = YES;
				CLANG_WARN_EMPTY_BODY = YES;
				CLANG_WARN_ENUM_CONVERSION = YES;
				CLANG_WARN_INFINITE_RECURSION = YES;
				CLANG_WARN_INT_CONVERSION = YES;
				CLANG_WARN_NON_LITERAL_NULL_CONVERSION = YES;
				CLANG_WARN_OBJC_IMPLICIT_RETAIN_SELF = YES;
				CLANG_WARN_OBJC_LITERAL_CONVERSION = YES;
				CLANG_WARN_OBJC_ROOT_CLASS = YES_ERROR;
				CLANG_WARN_QUOTED_INCLUDE_IN_FRAMEWORK_HEADER = YES;
				CLANG_WARN_RANGE_LOOP_ANALYSIS = YES;
				CLANG_WARN_STRICT_PROTOTYPES = YES;
				CLANG_WARN_SUSPICIOUS_MOVE = YES;
				CLANG_WARN_UNGUARDED_AVAILABILITY = YES_AGGRESSIVE;
				CLANG_WARN_UNREACHABLE_CODE = YES;
				CLANG_WARN__DUPLICATE_METHOD_MATCH = YES;
				COPY_PHASE_STRIP = NO;
				DEBUG_INFORMATION_FORMAT = dwarf;
				ENABLE_STRICT_OBJC_MSGSEND = YES;
				ENABLE_TESTABILITY = YES;
				GCC_C_LANGUAGE_STANDARD = gnu11;
				GCC_DYNAMIC_NO_PIC = NO;
				GCC_NO_COMMON_BLOCKS = YES;
				GCC_OPTIMIZATION_LEVEL = 0;
				GCC_PREPROCESSOR_DEFINITIONS = (
					"DEBUG=1",
					"$(inherited)",
				);
				GCC_WARN_64_TO_32_BIT_CONVERSION = YES;
				GCC_WARN_ABOUT_RETURN_TYPE = YES_ERROR;
				GCC_WARN_UNDECLARED_SELECTOR = YES;
				GCC_WARN_UNINITIALIZED_AUTOS = YES_AGGRESSIVE;
				GCC_WARN_UNUSED_FUNCTION = YES;
				GCC_WARN_UNUSED_VARIABLE = YES;
				IPHONEOS_DEPLOYMENT_TARGET = 16.4;
				MTL_ENABLE_DEBUG_INFO = INCLUDE_SOURCE;
				MTL_FAST_MATH = YES;
				ONLY_ACTIVE_ARCH = YES;
				SDKROOT = iphoneos;
				SWIFT_ACTIVE_COMPILATION_CONDITIONS = DEBUG;
				SWIFT_OPTIMIZATION_LEVEL = "-Onone";
			};
			name = Debug;
		};
		B704FA852AADEDA60046ADA6 /* Release */ = {
			isa = XCBuildConfiguration;
			buildSettings = {
				ALWAYS_SEARCH_USER_PATHS = NO;
				CLANG_ANALYZER_NONNULL = YES;
				CLANG_ANALYZER_NUMBER_OBJECT_CONVERSION = YES_AGGRESSIVE;
				CLANG_CXX_LANGUAGE_STANDARD = "gnu++20";
				CLANG_ENABLE_MODULES = YES;
				CLANG_ENABLE_OBJC_ARC = YES;
				CLANG_ENABLE_OBJC_WEAK = YES;
				CLANG_WARN_BLOCK_CAPTURE_AUTORELEASING = YES;
				CLANG_WARN_BOOL_CONVERSION = YES;
				CLANG_WARN_COMMA = YES;
				CLANG_WARN_CONSTANT_CONVERSION = YES;
				CLANG_WARN_DEPRECATED_OBJC_IMPLEMENTATIONS = YES;
				CLANG_WARN_DIRECT_OBJC_ISA_USAGE = YES_ERROR;
				CLANG_WARN_DOCUMENTATION_COMMENTS = YES;
				CLANG_WARN_EMPTY_BODY = YES;
				CLANG_WARN_ENUM_CONVERSION = YES;
				CLANG_WARN_INFINITE_RECURSION = YES;
				CLANG_WARN_INT_CONVERSION = YES;
				CLANG_WARN_NON_LITERAL_NULL_CONVERSION = YES;
				CLANG_WARN_OBJC_IMPLICIT_RETAIN_SELF = YES;
				CLANG_WARN_OBJC_LITERAL_CONVERSION = YES;
				CLANG_WARN_OBJC_ROOT_CLASS = YES_ERROR;
				CLANG_WARN_QUOTED_INCLUDE_IN_FRAMEWORK_HEADER = YES;
				CLANG_WARN_RANGE_LOOP_ANALYSIS = YES;
				CLANG_WARN_STRICT_PROTOTYPES = YES;
				CLANG_WARN_SUSPICIOUS_MOVE = YES;
				CLANG_WARN_UNGUARDED_AVAILABILITY = YES_AGGRESSIVE;
				CLANG_WARN_UNREACHABLE_CODE = YES;
				CLANG_WARN__DUPLICATE_METHOD_MATCH = YES;
				COPY_PHASE_STRIP = NO;
				DEBUG_INFORMATION_FORMAT = "dwarf-with-dsym";
				ENABLE_NS_ASSERTIONS = NO;
				ENABLE_STRICT_OBJC_MSGSEND = YES;
				GCC_C_LANGUAGE_STANDARD = gnu11;
				GCC_NO_COMMON_BLOCKS = YES;
				GCC_WARN_64_TO_32_BIT_CONVERSION = YES;
				GCC_WARN_ABOUT_RETURN_TYPE = YES_ERROR;
				GCC_WARN_UNDECLARED_SELECTOR = YES;
				GCC_WARN_UNINITIALIZED_AUTOS = YES_AGGRESSIVE;
				GCC_WARN_UNUSED_FUNCTION = YES;
				GCC_WARN_UNUSED_VARIABLE = YES;
				IPHONEOS_DEPLOYMENT_TARGET = 16.4;
				MTL_ENABLE_DEBUG_INFO = NO;
				MTL_FAST_MATH = YES;
				SDKROOT = iphoneos;
				SWIFT_COMPILATION_MODE = wholemodule;
				SWIFT_OPTIMIZATION_LEVEL = "-O";
				VALIDATE_PRODUCT = YES;
			};
			name = Release;
		};
		B704FA872AADEDA60046ADA6 /* Debug */ = {
			isa = XCBuildConfiguration;
			buildSettings = {
				ASSETCATALOG_COMPILER_APPICON_NAME = AppIcon;
				ASSETCATALOG_COMPILER_GLOBAL_ACCENT_COLOR_NAME = AccentColor;
				CODE_SIGN_STYLE = Automatic;
				CURRENT_PROJECT_VERSION = 1;
				GENERATE_INFOPLIST_FILE = YES;
				INFOPLIST_FILE = JOAS_cibertec/Info.plist;
				INFOPLIST_KEY_UIApplicationSupportsIndirectInputEvents = YES;
				INFOPLIST_KEY_UILaunchStoryboardName = LaunchScreen;
				INFOPLIST_KEY_UIMainStoryboardFile = Main;
				INFOPLIST_KEY_UISupportedInterfaceOrientations_iPad = "UIInterfaceOrientationPortrait UIInterfaceOrientationPortraitUpsideDown UIInterfaceOrientationLandscapeLeft UIInterfaceOrientationLandscapeRight";
				INFOPLIST_KEY_UISupportedInterfaceOrientations_iPhone = "UIInterfaceOrientationPortrait UIInterfaceOrientationLandscapeLeft UIInterfaceOrientationLandscapeRight";
				LD_RUNPATH_SEARCH_PATHS = (
					"$(inherited)",
					"@executable_path/Frameworks",
				);
				MARKETING_VERSION = 1.0;
				PRODUCT_BUNDLE_IDENTIFIER = "com.cibertec.JOAS-cibertec";
				PRODUCT_NAME = "$(TARGET_NAME)";
				SWIFT_EMIT_LOC_STRINGS = YES;
				SWIFT_VERSION = 5.0;
				TARGETED_DEVICE_FAMILY = "1,2";
			};
			name = Debug;
		};
		B704FA882AADEDA60046ADA6 /* Release */ = {
			isa = XCBuildConfiguration;
			buildSettings = {
				ASSETCATALOG_COMPILER_APPICON_NAME = AppIcon;
				ASSETCATALOG_COMPILER_GLOBAL_ACCENT_COLOR_NAME = AccentColor;
				CODE_SIGN_STYLE = Automatic;
				CURRENT_PROJECT_VERSION = 1;
				GENERATE_INFOPLIST_FILE = YES;
				INFOPLIST_FILE = JOAS_cibertec/Info.plist;
				INFOPLIST_KEY_UIApplicationSupportsIndirectInputEvents = YES;
				INFOPLIST_KEY_UILaunchStoryboardName = LaunchScreen;
				INFOPLIST_KEY_UIMainStoryboardFile = Main;
				INFOPLIST_KEY_UISupportedInterfaceOrientations_iPad = "UIInterfaceOrientationPortrait UIInterfaceOrientationPortraitUpsideDown UIInterfaceOrientationLandscapeLeft UIInterfaceOrientationLandscapeRight";
				INFOPLIST_KEY_UISupportedInterfaceOrientations_iPhone = "UIInterfaceOrientationPortrait UIInterfaceOrientationLandscapeLeft UIInterfaceOrientationLandscapeRight";
				LD_RUNPATH_SEARCH_PATHS = (
					"$(inherited)",
					"@executable_path/Frameworks",
				);
				MARKETING_VERSION = 1.0;
				PRODUCT_BUNDLE_IDENTIFIER = "com.cibertec.JOAS-cibertec";
				PRODUCT_NAME = "$(TARGET_NAME)";
				SWIFT_EMIT_LOC_STRINGS = YES;
				SWIFT_VERSION = 5.0;
				TARGETED_DEVICE_FAMILY = "1,2";
			};
			name = Release;
		};
/* End XCBuildConfiguration section */

/* Begin XCConfigurationList section */
		B704FA6D2AADEDA50046ADA6 /* Build configuration list for PBXProject "JOAS_cibertec" */ = {
			isa = XCConfigurationList;
			buildConfigurations = (
				B704FA842AADEDA60046ADA6 /* Debug */,
				B704FA852AADEDA60046ADA6 /* Release */,
			);
			defaultConfigurationIsVisible = 0;
			defaultConfigurationName = Release;
		};
		B704FA862AADEDA60046ADA6 /* Build configuration list for PBXNativeTarget "JOAS_cibertec" */ = {
			isa = XCConfigurationList;
			buildConfigurations = (
				B704FA872AADEDA60046ADA6 /* Debug */,
				B704FA882AADEDA60046ADA6 /* Release */,
			);
			defaultConfigurationIsVisible = 0;
			defaultConfigurationName = Release;
		};
/* End XCConfigurationList section */
	};
	rootObject = B704FA6A2AADEDA50046ADA6 /* Project object */;
}
